{
  "name": "jestLearnNote",
  "version": "1.0.0",
  "lockfileVersion": 1,
  "requires": true,
  "dependencies": {
    "es-jest": {
      "version": "1.1.0",
      "resolved": "https://registry.npmjs.org/es-jest/-/es-jest-1.1.0.tgz",
      "integrity": "sha512-NoFGP15xsmEwAE5PFXoIeDJn2vBZEc6Z5QRB6g+xzSaGsiR02akiA1V2L9nljdDaanDlv0V55xuoxNCS90Glww==",
      "dev": true,
      "requires": {
        "esbuild": "^0.8.18"
      }
    },
    "esbuild": {
      "version": "0.8.51",
      "resolved": "https://registry.npmjs.org/esbuild/-/esbuild-0.8.51.tgz",
      "integrity": "sha512-MVIom8fgL1+B6iGqWtrG7QJ1gqd64BycxounlsX1kR/IcIITaSlTo7gghKpg4a+bnxkpo0dwcikuvk4MVSA9ww==",
      "dev": true
    }
  }
}
